
Microsoft Visual Studio Solution File, Format Version 12.00
# Visual Studio Version 17
VisualStudioVersion = 17.11.35222.181
MinimumVisualStudioVersion = 10.0.40219.1
Project("{8BC9CEB8-8B4A-11D0-8D11-00A0C91BC942}") = "1완성_조성현_5628842_0311.c", "1완성_조성현_5628842_0311.c\1완성_조성현_5628842_0311.c.vcxproj", "{54E54DCC-4C63-4F3F-8BE5-D3E58654899C}"
EndProject
Project("{8BC9CEB8-8B4A-11D0-8D11-00A0C91BC942}") = "2완성_조성현_5628842_0313", "2완성_조성현_5628842_0313\2완성_조성현_5628842_0313.vcxproj", "{84EFBBDD-4A21-44FD-A354-B65DB7A79737}"
EndProject
Project("{8BC9CEB8-8B4A-11D0-8D11-00A0C91BC942}") = "3완성_조성현__5628842_0313.c", "3완성_이름_학번_0313.c\3완성_이름_학번_0313.c.vcxproj", "{261D1102-7E92-4E40-A260-9ECFBB7DCD26}"
EndProject
Project("{8BC9CEB8-8B4A-11D0-8D11-00A0C91BC942}") = "4완성_조성현_5628842_0318.c", "4완성_조성현_5628842_0318.c\4완성_조성현_5628842_0318.c.vcxproj", "{2230D927-8DB5-48AB-AB28-D4ED408A3AE0}"
EndProject
Project("{8BC9CEB8-8B4A-11D0-8D11-00A0C91BC942}") = "5완성_조성현_5628842_0318.c", "5완성_조성현_5628842_0318.c\5완성_조성현_5628842_0318.c.vcxproj", "{92A6214A-D69C-4894-88AE-391993805CBB}"
EndProject
Project("{8BC9CEB8-8B4A-11D0-8D11-00A0C91BC942}") = "6완성_조성현_5628842_0320.c", "6완성_조성현_5628842_0320.c\6완성_조성현_5628842_0320.c.vcxproj", "{F95FF5B8-F302-4163-ABBB-C72C0D8CF2B4}"
EndProject
Project("{8BC9CEB8-8B4A-11D0-8D11-00A0C91BC942}") = "7완성_조성현_5628842_0320", "7완성_조성현_5628842_0320\7완성_조성현_5628842_0320.vcxproj", "{1B7ED6FF-3A60-4805-9443-B20892191A03}"
EndProject
Project("{8BC9CEB8-8B4A-11D0-8D11-00A0C91BC942}") = "8완성_조성현_5628842_03_25", "8완성_조성현_5628842_03_25\8완성_조성현_5628842_03_25.vcxproj", "{42F35AC5-18D8-42CC-96E6-FCD7A92BDFB6}"
EndProject
Project("{8BC9CEB8-8B4A-11D0-8D11-00A0C91BC942}") = "9완성_조성현_5628842_0325", "9완성_조성현_5628842_0325\9완성_조성현_5628842_0325.vcxproj", "{3A14A2B3-6792-441C-B607-4F63CC469A7F}"
EndProject
Project("{8BC9CEB8-8B4A-11D0-8D11-00A0C91BC942}") = "practice", "practice\practice.vcxproj", "{CF3FC7B2-45C9-463B-8D91-96789B7E8E92}"
EndProject
Project("{8BC9CEB8-8B4A-11D0-8D11-00A0C91BC942}") = "10완성_5628842_조성현_0327", "10완성_5628842_조성현_0327\10완성_5628842_조성현_0327.vcxproj", "{4704FD66-6BE7-40E0-AE97-ED1211BA983E}"
EndProject
Project("{8BC9CEB8-8B4A-11D0-8D11-00A0C91BC942}") = "11완성_조성현_5628842_0327", "11완성_조성현_5628842_0327\11완성_조성현_5628842_0327.vcxproj", "{812E5427-15C3-4D29-B3F7-7EE5A91E72B4}"
EndProject
Project("{8BC9CEB8-8B4A-11D0-8D11-00A0C91BC942}") = "Recursion", "Recursion\Recursion.vcxproj", "{2624EEE0-A0D4-46BB-953E-4EAD53A9CB59}"
EndProject
Project("{8BC9CEB8-8B4A-11D0-8D11-00A0C91BC942}") = "12_완성_조성현_5628842_0401", "12_완성_조성현_5628842_0401\12_완성_조성현_5628842_0401.vcxproj", "{DCE3E37E-2956-4F6F-B131-A4164D7AE76A}"
EndProject
Project("{8BC9CEB8-8B4A-11D0-8D11-00A0C91BC942}") = "LinearList", "List_0403\List_0403.vcxproj", "{66D58807-D3AC-4CA7-A936-5F1DED65BB10}"
EndProject
Project("{8BC9CEB8-8B4A-11D0-8D11-00A0C91BC942}") = "Project1", "Project1\Project1.vcxproj", "{817B5267-5C53-4C2C-A52C-00985F38AD7C}"
EndProject
Project("{8BC9CEB8-8B4A-11D0-8D11-00A0C91BC942}") = "13미완성_5628842_조성현_0408", "13미완성_5628842_조성현_0408\13미완성_5628842_조성현_0408.vcxproj", "{6017D305-A62B-49B3-86C8-357C4453A391}"
EndProject
Project("{8BC9CEB8-8B4A-11D0-8D11-00A0C91BC942}") = "14_미완성_0410_조성현_5628842", "14_미완성_0410_조성현_5628842\14_미완성_0410_조성현_5628842.vcxproj", "{BC69B704-6AE6-4829-BB37-3EF6D8EF8517}"
EndProject
Global
	GlobalSection(SolutionConfigurationPlatforms) = preSolution
		Debug|x64 = Debug|x64
		Debug|x86 = Debug|x86
		Release|x64 = Release|x64
		Release|x86 = Release|x86
	EndGlobalSection
	GlobalSection(ProjectConfigurationPlatforms) = postSolution
		{54E54DCC-4C63-4F3F-8BE5-D3E58654899C}.Debug|x64.ActiveCfg = Debug|x64
		{54E54DCC-4C63-4F3F-8BE5-D3E58654899C}.Debug|x64.Build.0 = Debug|x64
		{54E54DCC-4C63-4F3F-8BE5-D3E58654899C}.Debug|x86.ActiveCfg = Debug|Win32
		{54E54DCC-4C63-4F3F-8BE5-D3E58654899C}.Debug|x86.Build.0 = Debug|Win32
		{54E54DCC-4C63-4F3F-8BE5-D3E58654899C}.Release|x64.ActiveCfg = Release|x64
		{54E54DCC-4C63-4F3F-8BE5-D3E58654899C}.Release|x64.Build.0 = Release|x64
		{54E54DCC-4C63-4F3F-8BE5-D3E58654899C}.Release|x86.ActiveCfg = Release|Win32
		{54E54DCC-4C63-4F3F-8BE5-D3E58654899C}.Release|x86.Build.0 = Release|Win32
		{84EFBBDD-4A21-44FD-A354-B65DB7A79737}.Debug|x64.ActiveCfg = Debug|x64
		{84EFBBDD-4A21-44FD-A354-B65DB7A79737}.Debug|x64.Build.0 = Debug|x64
		{84EFBBDD-4A21-44FD-A354-B65DB7A79737}.Debug|x86.ActiveCfg = Debug|Win32
		{84EFBBDD-4A21-44FD-A354-B65DB7A79737}.Debug|x86.Build.0 = Debug|Win32
		{84EFBBDD-4A21-44FD-A354-B65DB7A79737}.Release|x64.ActiveCfg = Release|x64
		{84EFBBDD-4A21-44FD-A354-B65DB7A79737}.Release|x64.Build.0 = Release|x64
		{84EFBBDD-4A21-44FD-A354-B65DB7A79737}.Release|x86.ActiveCfg = Release|Win32
		{84EFBBDD-4A21-44FD-A354-B65DB7A79737}.Release|x86.Build.0 = Release|Win32
		{261D1102-7E92-4E40-A260-9ECFBB7DCD26}.Debug|x64.ActiveCfg = Debug|x64
		{261D1102-7E92-4E40-A260-9ECFBB7DCD26}.Debug|x64.Build.0 = Debug|x64
		{261D1102-7E92-4E40-A260-9ECFBB7DCD26}.Debug|x86.ActiveCfg = Debug|Win32
		{261D1102-7E92-4E40-A260-9ECFBB7DCD26}.Debug|x86.Build.0 = Debug|Win32
		{261D1102-7E92-4E40-A260-9ECFBB7DCD26}.Release|x64.ActiveCfg = Release|x64
		{261D1102-7E92-4E40-A260-9ECFBB7DCD26}.Release|x64.Build.0 = Release|x64
		{261D1102-7E92-4E40-A260-9ECFBB7DCD26}.Release|x86.ActiveCfg = Release|Win32
		{261D1102-7E92-4E40-A260-9ECFBB7DCD26}.Release|x86.Build.0 = Release|Win32
		{2230D927-8DB5-48AB-AB28-D4ED408A3AE0}.Debug|x64.ActiveCfg = Debug|x64
		{2230D927-8DB5-48AB-AB28-D4ED408A3AE0}.Debug|x64.Build.0 = Debug|x64
		{2230D927-8DB5-48AB-AB28-D4ED408A3AE0}.Debug|x86.ActiveCfg = Debug|Win32
		{2230D927-8DB5-48AB-AB28-D4ED408A3AE0}.Debug|x86.Build.0 = Debug|Win32
		{2230D927-8DB5-48AB-AB28-D4ED408A3AE0}.Release|x64.ActiveCfg = Release|x64
		{2230D927-8DB5-48AB-AB28-D4ED408A3AE0}.Release|x64.Build.0 = Release|x64
		{2230D927-8DB5-48AB-AB28-D4ED408A3AE0}.Release|x86.ActiveCfg = Release|Win32
		{2230D927-8DB5-48AB-AB28-D4ED408A3AE0}.Release|x86.Build.0 = Release|Win32
		{92A6214A-D69C-4894-88AE-391993805CBB}.Debug|x64.ActiveCfg = Debug|x64
		{92A6214A-D69C-4894-88AE-391993805CBB}.Debug|x64.Build.0 = Debug|x64
		{92A6214A-D69C-4894-88AE-391993805CBB}.Debug|x86.ActiveCfg = Debug|Win32
		{92A6214A-D69C-4894-88AE-391993805CBB}.Debug|x86.Build.0 = Debug|Win32
		{92A6214A-D69C-4894-88AE-391993805CBB}.Release|x64.ActiveCfg = Release|x64
		{92A6214A-D69C-4894-88AE-391993805CBB}.Release|x64.Build.0 = Release|x64
		{92A6214A-D69C-4894-88AE-391993805CBB}.Release|x86.ActiveCfg = Release|Win32
		{92A6214A-D69C-4894-88AE-391993805CBB}.Release|x86.Build.0 = Release|Win32
		{F95FF5B8-F302-4163-ABBB-C72C0D8CF2B4}.Debug|x64.ActiveCfg = Debug|x64
		{F95FF5B8-F302-4163-ABBB-C72C0D8CF2B4}.Debug|x64.Build.0 = Debug|x64
		{F95FF5B8-F302-4163-ABBB-C72C0D8CF2B4}.Debug|x86.ActiveCfg = Debug|Win32
		{F95FF5B8-F302-4163-ABBB-C72C0D8CF2B4}.Debug|x86.Build.0 = Debug|Win32
		{F95FF5B8-F302-4163-ABBB-C72C0D8CF2B4}.Release|x64.ActiveCfg = Release|x64
		{F95FF5B8-F302-4163-ABBB-C72C0D8CF2B4}.Release|x64.Build.0 = Release|x64
		{F95FF5B8-F302-4163-ABBB-C72C0D8CF2B4}.Release|x86.ActiveCfg = Release|Win32
		{F95FF5B8-F302-4163-ABBB-C72C0D8CF2B4}.Release|x86.Build.0 = Release|Win32
		{1B7ED6FF-3A60-4805-9443-B20892191A03}.Debug|x64.ActiveCfg = Debug|x64
		{1B7ED6FF-3A60-4805-9443-B20892191A03}.Debug|x64.Build.0 = Debug|x64
		{1B7ED6FF-3A60-4805-9443-B20892191A03}.Debug|x86.ActiveCfg = Debug|Win32
		{1B7ED6FF-3A60-4805-9443-B20892191A03}.Debug|x86.Build.0 = Debug|Win32
		{1B7ED6FF-3A60-4805-9443-B20892191A03}.Release|x64.ActiveCfg = Release|x64
		{1B7ED6FF-3A60-4805-9443-B20892191A03}.Release|x64.Build.0 = Release|x64
		{1B7ED6FF-3A60-4805-9443-B20892191A03}.Release|x86.ActiveCfg = Release|Win32
		{1B7ED6FF-3A60-4805-9443-B20892191A03}.Release|x86.Build.0 = Release|Win32
		{42F35AC5-18D8-42CC-96E6-FCD7A92BDFB6}.Debug|x64.ActiveCfg = Debug|x64
		{42F35AC5-18D8-42CC-96E6-FCD7A92BDFB6}.Debug|x64.Build.0 = Debug|x64
		{42F35AC5-18D8-42CC-96E6-FCD7A92BDFB6}.Debug|x86.ActiveCfg = Debug|Win32
		{42F35AC5-18D8-42CC-96E6-FCD7A92BDFB6}.Debug|x86.Build.0 = Debug|Win32
		{42F35AC5-18D8-42CC-96E6-FCD7A92BDFB6}.Release|x64.ActiveCfg = Release|x64
		{42F35AC5-18D8-42CC-96E6-FCD7A92BDFB6}.Release|x64.Build.0 = Release|x64
		{42F35AC5-18D8-42CC-96E6-FCD7A92BDFB6}.Release|x86.ActiveCfg = Release|Win32
		{42F35AC5-18D8-42CC-96E6-FCD7A92BDFB6}.Release|x86.Build.0 = Release|Win32
		{3A14A2B3-6792-441C-B607-4F63CC469A7F}.Debug|x64.ActiveCfg = Debug|x64
		{3A14A2B3-6792-441C-B607-4F63CC469A7F}.Debug|x64.Build.0 = Debug|x64
		{3A14A2B3-6792-441C-B607-4F63CC469A7F}.Debug|x86.ActiveCfg = Debug|Win32
		{3A14A2B3-6792-441C-B607-4F63CC469A7F}.Debug|x86.Build.0 = Debug|Win32
		{3A14A2B3-6792-441C-B607-4F63CC469A7F}.Release|x64.ActiveCfg = Release|x64
		{3A14A2B3-6792-441C-B607-4F63CC469A7F}.Release|x64.Build.0 = Release|x64
		{3A14A2B3-6792-441C-B607-4F63CC469A7F}.Release|x86.ActiveCfg = Release|Win32
		{3A14A2B3-6792-441C-B607-4F63CC469A7F}.Release|x86.Build.0 = Release|Win32
		{CF3FC7B2-45C9-463B-8D91-96789B7E8E92}.Debug|x64.ActiveCfg = Debug|x64
		{CF3FC7B2-45C9-463B-8D91-96789B7E8E92}.Debug|x64.Build.0 = Debug|x64
		{CF3FC7B2-45C9-463B-8D91-96789B7E8E92}.Debug|x86.ActiveCfg = Debug|Win32
		{CF3FC7B2-45C9-463B-8D91-96789B7E8E92}.Debug|x86.Build.0 = Debug|Win32
		{CF3FC7B2-45C9-463B-8D91-96789B7E8E92}.Release|x64.ActiveCfg = Release|x64
		{CF3FC7B2-45C9-463B-8D91-96789B7E8E92}.Release|x64.Build.0 = Release|x64
		{CF3FC7B2-45C9-463B-8D91-96789B7E8E92}.Release|x86.ActiveCfg = Release|Win32
		{CF3FC7B2-45C9-463B-8D91-96789B7E8E92}.Release|x86.Build.0 = Release|Win32
		{4704FD66-6BE7-40E0-AE97-ED1211BA983E}.Debug|x64.ActiveCfg = Debug|x64
		{4704FD66-6BE7-40E0-AE97-ED1211BA983E}.Debug|x64.Build.0 = Debug|x64
		{4704FD66-6BE7-40E0-AE97-ED1211BA983E}.Debug|x86.ActiveCfg = Debug|Win32
		{4704FD66-6BE7-40E0-AE97-ED1211BA983E}.Debug|x86.Build.0 = Debug|Win32
		{4704FD66-6BE7-40E0-AE97-ED1211BA983E}.Release|x64.ActiveCfg = Release|x64
		{4704FD66-6BE7-40E0-AE97-ED1211BA983E}.Release|x64.Build.0 = Release|x64
		{4704FD66-6BE7-40E0-AE97-ED1211BA983E}.Release|x86.ActiveCfg = Release|Win32
		{4704FD66-6BE7-40E0-AE97-ED1211BA983E}.Release|x86.Build.0 = Release|Win32
		{812E5427-15C3-4D29-B3F7-7EE5A91E72B4}.Debug|x64.ActiveCfg = Debug|x64
		{812E5427-15C3-4D29-B3F7-7EE5A91E72B4}.Debug|x64.Build.0 = Debug|x64
		{812E5427-15C3-4D29-B3F7-7EE5A91E72B4}.Debug|x86.ActiveCfg = Debug|Win32
		{812E5427-15C3-4D29-B3F7-7EE5A91E72B4}.Debug|x86.Build.0 = Debug|Win32
		{812E5427-15C3-4D29-B3F7-7EE5A91E72B4}.Release|x64.ActiveCfg = Release|x64
		{812E5427-15C3-4D29-B3F7-7EE5A91E72B4}.Release|x64.Build.0 = Release|x64
		{812E5427-15C3-4D29-B3F7-7EE5A91E72B4}.Release|x86.ActiveCfg = Release|Win32
		{812E5427-15C3-4D29-B3F7-7EE5A91E72B4}.Release|x86.Build.0 = Release|Win32
		{2624EEE0-A0D4-46BB-953E-4EAD53A9CB59}.Debug|x64.ActiveCfg = Debug|x64
		{2624EEE0-A0D4-46BB-953E-4EAD53A9CB59}.Debug|x64.Build.0 = Debug|x64
		{2624EEE0-A0D4-46BB-953E-4EAD53A9CB59}.Debug|x86.ActiveCfg = Debug|Win32
		{2624EEE0-A0D4-46BB-953E-4EAD53A9CB59}.Debug|x86.Build.0 = Debug|Win32
		{2624EEE0-A0D4-46BB-953E-4EAD53A9CB59}.Release|x64.ActiveCfg = Release|x64
		{2624EEE0-A0D4-46BB-953E-4EAD53A9CB59}.Release|x64.Build.0 = Release|x64
		{2624EEE0-A0D4-46BB-953E-4EAD53A9CB59}.Release|x86.ActiveCfg = Release|Win32
		{2624EEE0-A0D4-46BB-953E-4EAD53A9CB59}.Release|x86.Build.0 = Release|Win32
		{DCE3E37E-2956-4F6F-B131-A4164D7AE76A}.Debug|x64.ActiveCfg = Debug|x64
		{DCE3E37E-2956-4F6F-B131-A4164D7AE76A}.Debug|x64.Build.0 = Debug|x64
		{DCE3E37E-2956-4F6F-B131-A4164D7AE76A}.Debug|x86.ActiveCfg = Debug|Win32
		{DCE3E37E-2956-4F6F-B131-A4164D7AE76A}.Debug|x86.Build.0 = Debug|Win32
		{DCE3E37E-2956-4F6F-B131-A4164D7AE76A}.Release|x64.ActiveCfg = Release|x64
		{DCE3E37E-2956-4F6F-B131-A4164D7AE76A}.Release|x64.Build.0 = Release|x64
		{DCE3E37E-2956-4F6F-B131-A4164D7AE76A}.Release|x86.ActiveCfg = Release|Win32
		{DCE3E37E-2956-4F6F-B131-A4164D7AE76A}.Release|x86.Build.0 = Release|Win32
		{66D58807-D3AC-4CA7-A936-5F1DED65BB10}.Debug|x64.ActiveCfg = Debug|x64
		{66D58807-D3AC-4CA7-A936-5F1DED65BB10}.Debug|x64.Build.0 = Debug|x64
		{66D58807-D3AC-4CA7-A936-5F1DED65BB10}.Debug|x86.ActiveCfg = Debug|Win32
		{66D58807-D3AC-4CA7-A936-5F1DED65BB10}.Debug|x86.Build.0 = Debug|Win32
		{66D58807-D3AC-4CA7-A936-5F1DED65BB10}.Release|x64.ActiveCfg = Release|x64
		{66D58807-D3AC-4CA7-A936-5F1DED65BB10}.Release|x64.Build.0 = Release|x64
		{66D58807-D3AC-4CA7-A936-5F1DED65BB10}.Release|x86.ActiveCfg = Release|Win32
		{66D58807-D3AC-4CA7-A936-5F1DED65BB10}.Release|x86.Build.0 = Release|Win32
		{817B5267-5C53-4C2C-A52C-00985F38AD7C}.Debug|x64.ActiveCfg = Debug|x64
		{817B5267-5C53-4C2C-A52C-00985F38AD7C}.Debug|x64.Build.0 = Debug|x64
		{817B5267-5C53-4C2C-A52C-00985F38AD7C}.Debug|x86.ActiveCfg = Debug|Win32
		{817B5267-5C53-4C2C-A52C-00985F38AD7C}.Debug|x86.Build.0 = Debug|Win32
		{817B5267-5C53-4C2C-A52C-00985F38AD7C}.Release|x64.ActiveCfg = Release|x64
		{817B5267-5C53-4C2C-A52C-00985F38AD7C}.Release|x64.Build.0 = Release|x64
		{817B5267-5C53-4C2C-A52C-00985F38AD7C}.Release|x86.ActiveCfg = Release|Win32
		{817B5267-5C53-4C2C-A52C-00985F38AD7C}.Release|x86.Build.0 = Release|Win32
		{6017D305-A62B-49B3-86C8-357C4453A391}.Debug|x64.ActiveCfg = Debug|x64
		{6017D305-A62B-49B3-86C8-357C4453A391}.Debug|x64.Build.0 = Debug|x64
		{6017D305-A62B-49B3-86C8-357C4453A391}.Debug|x86.ActiveCfg = Debug|Win32
		{6017D305-A62B-49B3-86C8-357C4453A391}.Debug|x86.Build.0 = Debug|Win32
		{6017D305-A62B-49B3-86C8-357C4453A391}.Release|x64.ActiveCfg = Release|x64
		{6017D305-A62B-49B3-86C8-357C4453A391}.Release|x64.Build.0 = Release|x64
		{6017D305-A62B-49B3-86C8-357C4453A391}.Release|x86.ActiveCfg = Release|Win32
		{6017D305-A62B-49B3-86C8-357C4453A391}.Release|x86.Build.0 = Release|Win32
		{BC69B704-6AE6-4829-BB37-3EF6D8EF8517}.Debug|x64.ActiveCfg = Debug|x64
		{BC69B704-6AE6-4829-BB37-3EF6D8EF8517}.Debug|x64.Build.0 = Debug|x64
		{BC69B704-6AE6-4829-BB37-3EF6D8EF8517}.Debug|x86.ActiveCfg = Debug|Win32
		{BC69B704-6AE6-4829-BB37-3EF6D8EF8517}.Debug|x86.Build.0 = Debug|Win32
		{BC69B704-6AE6-4829-BB37-3EF6D8EF8517}.Release|x64.ActiveCfg = Release|x64
		{BC69B704-6AE6-4829-BB37-3EF6D8EF8517}.Release|x64.Build.0 = Release|x64
		{BC69B704-6AE6-4829-BB37-3EF6D8EF8517}.Release|x86.ActiveCfg = Release|Win32
		{BC69B704-6AE6-4829-BB37-3EF6D8EF8517}.Release|x86.Build.0 = Release|Win32
	EndGlobalSection
	GlobalSection(SolutionProperties) = preSolution
		HideSolutionNode = FALSE
	EndGlobalSection
	GlobalSection(ExtensibilityGlobals) = postSolution
		SolutionGuid = {19905FF2-D89F-40C2-AA6D-D507F5131492}
	EndGlobalSection
EndGlobal
